
Microsoft Visual Studio Solution File, Format Version 12.00
# Visual Studio Version 17
VisualStudioVersion = 17.0.32002.185
MinimumVisualStudioVersion = 10.0.40219.1
Project("{FAE04EC0-301F-11D3-BF4B-00C04F79EFBC}") = "SignalR", "SignalR\SignalR.csproj", "{122AAF59-DA33-4B10-B6DB-174025F60704}"
EndProject
Global
	GlobalSection(SolutionConfigurationPlatforms) = preSolution
		Debug|Any CPU = Debug|Any CPU
		Release|Any CPU = Release|Any CPU
	EndGlobalSection
	GlobalSection(ProjectConfigurationPlatforms) = postSolution
		{122AAF59-DA33-4B10-B6DB-174025F60704}.Debug|Any CPU.ActiveCfg = Debug|Any CPU
		{122AAF59-DA33-4B10-B6DB-174025F60704}.Debug|Any CPU.Build.0 = Debug|Any CPU
		{122AAF59-DA33-4B10-B6DB-174025F60704}.Release|Any CPU.ActiveCfg = Release|Any CPU
		{122AAF59-DA33-4B10-B6DB-174025F60704}.Release|Any CPU.Build.0 = Release|Any CPU
	EndGlobalSection
	GlobalSection(SolutionProperties) = preSolution
		HideSolutionNode = FALSE
	EndGlobalSection
	GlobalSection(ExtensibilityGlobals) = postSolution
		SolutionGuid = {084DCC2A-0573-4889-B669-AB1BA1BF43F1}
	EndGlobalSection
EndGlobal
